
Microsoft Visual Studio Solution File, Format Version 12.00
# Visual Studio Version 16
VisualStudioVersion = 16.0.31702.278
MinimumVisualStudioVersion = 10.0.40219.1
Project("{8BC9CEB8-8B4A-11D0-8D11-00A0C91BC942}") = "MP2_DA", "MP2_DA.vcxproj", "{288186BE-A0E3-4E23-B92C-5BE1C6CC1AB9}"
EndProject
Global
	GlobalSection(SolutionConfigurationPlatforms) = preSolution
		Debug|x64 = Debug|x64
		Debug|x86 = Debug|x86
		Release|x64 = Release|x64
		Release|x86 = Release|x86
	EndGlobalSection
	GlobalSection(ProjectConfigurationPlatforms) = postSolution
		{288186BE-A0E3-4E23-B92C-5BE1C6CC1AB9}.Debug|x64.ActiveCfg = Debug|x64
		{288186BE-A0E3-4E23-B92C-5BE1C6CC1AB9}.Debug|x64.Build.0 = Debug|x64
		{288186BE-A0E3-4E23-B92C-5BE1C6CC1AB9}.Debug|x86.ActiveCfg = Debug|Win32
		{288186BE-A0E3-4E23-B92C-5BE1C6CC1AB9}.Debug|x86.Build.0 = Debug|Win32
		{288186BE-A0E3-4E23-B92C-5BE1C6CC1AB9}.Release|x64.ActiveCfg = Release|x64
		{288186BE-A0E3-4E23-B92C-5BE1C6CC1AB9}.Release|x64.Build.0 = Release|x64
		{288186BE-A0E3-4E23-B92C-5BE1C6CC1AB9}.Release|x86.ActiveCfg = Release|Win32
		{288186BE-A0E3-4E23-B92C-5BE1C6CC1AB9}.Release|x86.Build.0 = Release|Win32
	EndGlobalSection
	GlobalSection(SolutionProperties) = preSolution
		HideSolutionNode = FALSE
	EndGlobalSection
	GlobalSection(ExtensibilityGlobals) = postSolution
		SolutionGuid = {BB17DA62-5F5B-4329-BBFE-D812840799D7}
	EndGlobalSection
EndGlobal
