
Microsoft Visual Studio Solution File, Format Version 12.00
# Visual Studio Version 16
VisualStudioVersion = 16.0.31702.278
MinimumVisualStudioVersion = 10.0.40219.1
Project("{8BC9CEB8-8B4A-11D0-8D11-00A0C91BC942}") = "Project3I_Typing", "Project3I_Typing.vcxproj", "{34BDE2BC-B881-4705-8B50-10AF11E5BA4A}"
EndProject
Global
	GlobalSection(SolutionConfigurationPlatforms) = preSolution
		Debug|x64 = Debug|x64
		Debug|x86 = Debug|x86
		Release|x64 = Release|x64
		Release|x86 = Release|x86
	EndGlobalSection
	GlobalSection(ProjectConfigurationPlatforms) = postSolution
		{34BDE2BC-B881-4705-8B50-10AF11E5BA4A}.Debug|x64.ActiveCfg = Debug|x64
		{34BDE2BC-B881-4705-8B50-10AF11E5BA4A}.Debug|x64.Build.0 = Debug|x64
		{34BDE2BC-B881-4705-8B50-10AF11E5BA4A}.Debug|x86.ActiveCfg = Debug|Win32
		{34BDE2BC-B881-4705-8B50-10AF11E5BA4A}.Debug|x86.Build.0 = Debug|Win32
		{34BDE2BC-B881-4705-8B50-10AF11E5BA4A}.Release|x64.ActiveCfg = Release|x64
		{34BDE2BC-B881-4705-8B50-10AF11E5BA4A}.Release|x64.Build.0 = Release|x64
		{34BDE2BC-B881-4705-8B50-10AF11E5BA4A}.Release|x86.ActiveCfg = Release|Win32
		{34BDE2BC-B881-4705-8B50-10AF11E5BA4A}.Release|x86.Build.0 = Release|Win32
	EndGlobalSection
	GlobalSection(SolutionProperties) = preSolution
		HideSolutionNode = FALSE
	EndGlobalSection
	GlobalSection(ExtensibilityGlobals) = postSolution
		SolutionGuid = {8335E878-CDA4-4306-B193-7D64C230F3C7}
	EndGlobalSection
EndGlobal
