
Microsoft Visual Studio Solution File, Format Version 12.00
# Visual Studio Version 16
VisualStudioVersion = 16.0.31702.278
MinimumVisualStudioVersion = 10.0.40219.1
Project("{8BC9CEB8-8B4A-11D0-8D11-00A0C91BC942}") = "project", "project.vcxproj", "{88A8FAE9-83DB-4EF3-BF93-09A62F479E29}"
EndProject
Global
	GlobalSection(SolutionConfigurationPlatforms) = preSolution
		Debug|x64 = Debug|x64
		Debug|x86 = Debug|x86
		Release|x64 = Release|x64
		Release|x86 = Release|x86
	EndGlobalSection
	GlobalSection(ProjectConfigurationPlatforms) = postSolution
		{88A8FAE9-83DB-4EF3-BF93-09A62F479E29}.Debug|x64.ActiveCfg = Debug|x64
		{88A8FAE9-83DB-4EF3-BF93-09A62F479E29}.Debug|x64.Build.0 = Debug|x64
		{88A8FAE9-83DB-4EF3-BF93-09A62F479E29}.Debug|x86.ActiveCfg = Debug|Win32
		{88A8FAE9-83DB-4EF3-BF93-09A62F479E29}.Debug|x86.Build.0 = Debug|Win32
		{88A8FAE9-83DB-4EF3-BF93-09A62F479E29}.Release|x64.ActiveCfg = Release|x64
		{88A8FAE9-83DB-4EF3-BF93-09A62F479E29}.Release|x64.Build.0 = Release|x64
		{88A8FAE9-83DB-4EF3-BF93-09A62F479E29}.Release|x86.ActiveCfg = Release|Win32
		{88A8FAE9-83DB-4EF3-BF93-09A62F479E29}.Release|x86.Build.0 = Release|Win32
	EndGlobalSection
	GlobalSection(SolutionProperties) = preSolution
		HideSolutionNode = FALSE
	EndGlobalSection
	GlobalSection(ExtensibilityGlobals) = postSolution
		SolutionGuid = {9974B5D0-FF97-49C1-B9DF-91B06331F14C}
	EndGlobalSection
EndGlobal
