
Microsoft Visual Studio Solution File, Format Version 12.00
# Visual Studio Version 16
VisualStudioVersion = 16.0.31702.278
MinimumVisualStudioVersion = 10.0.40219.1
Project("{8BC9CEB8-8B4A-11D0-8D11-00A0C91BC942}") = "Project2_3Design", "Project2_3Design.vcxproj", "{4A839F5E-6E97-4CF9-81A4-BC9D62CFCF83}"
EndProject
Global
	GlobalSection(SolutionConfigurationPlatforms) = preSolution
		Debug|x64 = Debug|x64
		Debug|x86 = Debug|x86
		Release|x64 = Release|x64
		Release|x86 = Release|x86
	EndGlobalSection
	GlobalSection(ProjectConfigurationPlatforms) = postSolution
		{4A839F5E-6E97-4CF9-81A4-BC9D62CFCF83}.Debug|x64.ActiveCfg = Debug|x64
		{4A839F5E-6E97-4CF9-81A4-BC9D62CFCF83}.Debug|x64.Build.0 = Debug|x64
		{4A839F5E-6E97-4CF9-81A4-BC9D62CFCF83}.Debug|x86.ActiveCfg = Debug|Win32
		{4A839F5E-6E97-4CF9-81A4-BC9D62CFCF83}.Debug|x86.Build.0 = Debug|Win32
		{4A839F5E-6E97-4CF9-81A4-BC9D62CFCF83}.Release|x64.ActiveCfg = Release|x64
		{4A839F5E-6E97-4CF9-81A4-BC9D62CFCF83}.Release|x64.Build.0 = Release|x64
		{4A839F5E-6E97-4CF9-81A4-BC9D62CFCF83}.Release|x86.ActiveCfg = Release|Win32
		{4A839F5E-6E97-4CF9-81A4-BC9D62CFCF83}.Release|x86.Build.0 = Release|Win32
	EndGlobalSection
	GlobalSection(SolutionProperties) = preSolution
		HideSolutionNode = FALSE
	EndGlobalSection
	GlobalSection(ExtensibilityGlobals) = postSolution
		SolutionGuid = {9A3761F7-F09F-4F69-848C-A528946EF734}
	EndGlobalSection
EndGlobal
